{
  "pins" : [
    {
      "identity" : "combinemidi",
      "kind" : "remoteSourceControl",
      "location" : "https://github.com/mkj-is/CombineMIDI.git",
      "state" : {
        "revision" : "c044ae3f65f14f27b2842908ef3eb550e2782bff",
        "version" : "0.3.0"
      }
    },
    {
      "identity" : "commands",
      "kind" : "remoteSourceControl",
      "location" : "https://github.com/q231950/commands",
      "state" : {
        "revision" : "24a89210f123ae2bb289586ccca2337ede0165a9",
        "version" : "2.0.0"
      }
    }
  ],
  "version" : 2
}
